{
  "name": "Demo6",
  "lockfileVersion": 3,
  "requires": true,
  "packages": {
    "": {
      "dependencies": {
        "@ap.cx/react-fullpage": "^0.3.0",
        "react-dropzone": "^14.2.3",
     
        "react-multi-carousel": "^2.8.5"
      }
    },
    "node_modules/@ap.cx/react-fullpage": {
      "version": "0.3.0",
      "resolved": "https://registry.npmjs.org/@ap.cx/react-fullpage/-/react-fullpage-0.3.0.tgz",
      "integrity": "sha512-X8eJOPrAm8JKRT07MSFNvswnDZEYDXDJJG2KTwvGEuY9XIw3cKZP/Gtd2SJuYEE0AWdZ7uxb7bgxOpJ2rUukFQ==",
      "dependencies": {
        "prop-types": "^15.5.4",
        "react": "^16.6.0",
        "react-dom": "^16.6.0"
      },
      "peerDependencies": {
        "prop-types": "^15.5.4",
        "react": "^16.6.0",
        "react-dom": "^16.6.0"
      }
    },
    "node_modules/attr-accept": {
      "version": "2.2.2",
      "resolved": "https://registry.npmjs.org/attr-accept/-/attr-accept-2.2.2.tgz",
      "integrity": "sha512-7prDjvt9HmqiZ0cl5CRjtS84sEyhsHP2coDkaZKRKVfCDo9s7iw7ChVmar78Gu9pC4SoR/28wFu/G5JJhTnqEg==",
      "engines": {
        "node": ">=4"
      }
    },
    "node_modules/file-selector": {
      "version": "0.6.0",
      "resolved": "https://registry.npmjs.org/file-selector/-/file-selector-0.6.0.tgz",
      "integrity": "sha512-QlZ5yJC0VxHxQQsQhXvBaC7VRJ2uaxTf+Tfpu4Z/OcVQJVpZO+DGU0rkoVW5ce2SccxugvpBJoMvUs59iILYdw==",
      "dependencies": {
        "tslib": "^2.4.0"
      },
      "engines": {
        "node": ">= 12"
      }
    },
    "node_modules/js-tokens": {
      "version": "4.0.0",
      "resolved": "https://registry.npmjs.org/js-tokens/-/js-tokens-4.0.0.tgz",
      "integrity": "sha512-RdJUflcE3cUzKiMqQgsCu06FPu9UdIJO0beYbPhHN4k6apgJtifcoCtT9bcxOpYBtpD2kCM6Sbzg4CausW/PKQ=="
    },
    "node_modules/loose-envify": {
      "version": "1.4.0",
      "resolved": "https://registry.npmjs.org/loose-envify/-/loose-envify-1.4.0.tgz",
      "integrity": "sha512-lyuxPGr/Wfhrlem2CL/UcnUc1zcqKAImBDzukY7Y5F/yQiNdko6+fRLevlw1HgMySw7f611UIY408EtxRSoK3Q==",
      "dependencies": {
        "js-tokens": "^3.0.0 || ^4.0.0"
      },
      "bin": {
        "loose-envify": "cli.js"
      }
    },
    "node_modules/object-assign": {
      "version": "4.1.1",
      "resolved": "https://registry.npmjs.org/object-assign/-/object-assign-4.1.1.tgz",
      "integrity": "sha512-rJgTQnkUnH1sFw8yT6VSU3zD3sWmu6sZhIseY8VX+GRu3P6F7Fu+JNDoXfklElbLJSnc3FUQHVe4cU5hj+BcUg==",
      "engines": {
        "node": ">=0.10.0"
      }
    },
    "node_modules/prop-types": {
      "version": "15.8.1",
      "resolved": "https://registry.npmjs.org/prop-types/-/prop-types-15.8.1.tgz",
      "integrity": "sha512-oj87CgZICdulUohogVAR7AjlC0327U4el4L6eAvOqCeudMDVU0NThNaV+b9Df4dXgSP1gXMTnPdhfe/2qDH5cg==",
      "dependencies": {
        "loose-envify": "^1.4.0",
        "object-assign": "^4.1.1",
        "react-is": "^16.13.1"
      }
    },
    "node_modules/react": {
      "version": "16.14.0",
      "resolved": "https://registry.npmjs.org/react/-/react-16.14.0.tgz",
      "integrity": "sha512-0X2CImDkJGApiAlcf0ODKIneSwBPhqJawOa5wCtKbu7ZECrmS26NvtSILynQ66cgkT/RJ4LidJOc3bUESwmU8g==",
      "dependencies": {
        "loose-envify": "^1.1.0",
        "object-assign": "^4.1.1",
        "prop-types": "^15.6.2"
      },
      "engines": {
        "node": ">=0.10.0"
      }
    },
    "node_modules/react-dom": {
      "version": "16.14.0",
      "resolved": "https://registry.npmjs.org/react-dom/-/react-dom-16.14.0.tgz",
      "integrity": "sha512-1gCeQXDLoIqMgqD3IO2Ah9bnf0w9kzhwN5q4FGnHZ67hBm9yePzB5JJAIQCc8x3pFnNlwFq4RidZggNAAkzWWw==",
      "dependencies": {
        "loose-envify": "^1.1.0",
        "object-assign": "^4.1.1",
        "prop-types": "^15.6.2",
        "scheduler": "^0.19.1"
      },
      "peerDependencies": {
        "react": "^16.14.0"
      }
    },
    "node_modules/react-dropzone": {
      "version": "14.2.3",
      "resolved": "https://registry.npmjs.org/react-dropzone/-/react-dropzone-14.2.3.tgz",
      "integrity": "sha512-O3om8I+PkFKbxCukfIR3QAGftYXDZfOE2N1mr/7qebQJHs7U+/RSL/9xomJNpRg9kM5h9soQSdf0Gc7OHF5Fug==",
      "dependencies": {
        "attr-accept": "^2.2.2",
        "file-selector": "^0.6.0",
        "prop-types": "^15.8.1"
      },
      "engines": {
        "node": ">= 10.13"
      },
      "peerDependencies": {
        "react": ">= 16.8 || 18.0.0"
      }
    },
   
    "node_modules/react-is": {
      "version": "16.13.1",
      "resolved": "https://registry.npmjs.org/react-is/-/react-is-16.13.1.tgz",
      "integrity": "sha512-24e6ynE2H+OKt4kqsOvNd8kBpV65zoxbA4BVsEOB3ARVWQki/DHzaUoC5KuON/BiccDaCCTZBuOcfZs70kR8bQ=="
    },
    "node_modules/react-multi-carousel": {
      "version": "2.8.5",
      "resolved": "https://registry.npmjs.org/react-multi-carousel/-/react-multi-carousel-2.8.5.tgz",
      "integrity": "sha512-C5DAvJkfzR2JK9YixZ3oyF9x6R4LW6nzTpIXrl9Oujxi4uqP9SzVVCjl+JLM3tSdqdjAx/oWZK3dTVBSR73Q+w==",
      "engines": {
        "node": ">=8"
      }
    },
    "node_modules/scheduler": {
      "version": "0.19.1",
      "resolved": "https://registry.npmjs.org/scheduler/-/scheduler-0.19.1.tgz",
      "integrity": "sha512-n/zwRWRYSUj0/3g/otKDRPMh6qv2SYMWNq85IEa8iZyAv8od9zDYpGSnpBEjNgcMNq6Scbu5KfIPxNF72R/2EA==",
      "dependencies": {
        "loose-envify": "^1.1.0",
        "object-assign": "^4.1.1"
      }
    },
    "node_modules/tslib": {
      "version": "2.6.3",
      "resolved": "https://registry.npmjs.org/tslib/-/tslib-2.6.3.tgz",
      "integrity": "sha512-xNvxJEOUiWPGhUuUdQgAJPKOOJfGnIyKySOc09XkKsgdUV/3E2zvwZYdejjmRgPCgcym1juLH3226yA7sEFJKQ=="
    }
  }
}
